
Microsoft Visual Studio Solution File, Format Version 12.00
# Visual Studio Version 17
VisualStudioVersion = 17.3.32922.545
MinimumVisualStudioVersion = 10.0.40219.1
Project("{8BC9CEB8-8B4A-11D0-8D11-00A0C91BC942}") = "ch11_11.6_sort.c", "ch11_11.6_sort.c\ch11_11.6_sort.c.vcxproj", "{9AE22521-EE8E-474F-BA4F-25E22998659A}"
EndProject
Global
	GlobalSection(SolutionConfigurationPlatforms) = preSolution
		Debug|x64 = Debug|x64
		Debug|x86 = Debug|x86
		Release|x64 = Release|x64
		Release|x86 = Release|x86
	EndGlobalSection
	GlobalSection(ProjectConfigurationPlatforms) = postSolution
		{9AE22521-EE8E-474F-BA4F-25E22998659A}.Debug|x64.ActiveCfg = Debug|x64
		{9AE22521-EE8E-474F-BA4F-25E22998659A}.Debug|x64.Build.0 = Debug|x64
		{9AE22521-EE8E-474F-BA4F-25E22998659A}.Debug|x86.ActiveCfg = Debug|Win32
		{9AE22521-EE8E-474F-BA4F-25E22998659A}.Debug|x86.Build.0 = Debug|Win32
		{9AE22521-EE8E-474F-BA4F-25E22998659A}.Release|x64.ActiveCfg = Release|x64
		{9AE22521-EE8E-474F-BA4F-25E22998659A}.Release|x64.Build.0 = Release|x64
		{9AE22521-EE8E-474F-BA4F-25E22998659A}.Release|x86.ActiveCfg = Release|Win32
		{9AE22521-EE8E-474F-BA4F-25E22998659A}.Release|x86.Build.0 = Release|Win32
	EndGlobalSection
	GlobalSection(SolutionProperties) = preSolution
		HideSolutionNode = FALSE
	EndGlobalSection
	GlobalSection(ExtensibilityGlobals) = postSolution
		SolutionGuid = {2670D93D-E4F9-4D21-85F1-EAC0B66B8258}
	EndGlobalSection
EndGlobal
