
Microsoft Visual Studio Solution File, Format Version 12.00
# Visual Studio Version 17
VisualStudioVersion = 17.3.32922.545
MinimumVisualStudioVersion = 10.0.40219.1
Project("{8BC9CEB8-8B4A-11D0-8D11-00A0C91BC942}") = "ch02_2.4.3_最大子序列和算法3", "ch02_2.4.3_最大子序列和算法3\ch02_2.4.3_最大子序列和算法3.vcxproj", "{B33CB9A2-4E4F-48CC-94C7-CB8C627BA031}"
EndProject
Global
	GlobalSection(SolutionConfigurationPlatforms) = preSolution
		Debug|x64 = Debug|x64
		Debug|x86 = Debug|x86
		Release|x64 = Release|x64
		Release|x86 = Release|x86
	EndGlobalSection
	GlobalSection(ProjectConfigurationPlatforms) = postSolution
		{B33CB9A2-4E4F-48CC-94C7-CB8C627BA031}.Debug|x64.ActiveCfg = Debug|x64
		{B33CB9A2-4E4F-48CC-94C7-CB8C627BA031}.Debug|x64.Build.0 = Debug|x64
		{B33CB9A2-4E4F-48CC-94C7-CB8C627BA031}.Debug|x86.ActiveCfg = Debug|Win32
		{B33CB9A2-4E4F-48CC-94C7-CB8C627BA031}.Debug|x86.Build.0 = Debug|Win32
		{B33CB9A2-4E4F-48CC-94C7-CB8C627BA031}.Release|x64.ActiveCfg = Release|x64
		{B33CB9A2-4E4F-48CC-94C7-CB8C627BA031}.Release|x64.Build.0 = Release|x64
		{B33CB9A2-4E4F-48CC-94C7-CB8C627BA031}.Release|x86.ActiveCfg = Release|Win32
		{B33CB9A2-4E4F-48CC-94C7-CB8C627BA031}.Release|x86.Build.0 = Release|Win32
	EndGlobalSection
	GlobalSection(SolutionProperties) = preSolution
		HideSolutionNode = FALSE
	EndGlobalSection
	GlobalSection(ExtensibilityGlobals) = postSolution
		SolutionGuid = {B6854365-B62C-40C5-9F3E-091F977C2A5D}
	EndGlobalSection
EndGlobal
