
Microsoft Visual Studio Solution File, Format Version 12.00
# Visual Studio Version 17
VisualStudioVersion = 17.3.32922.545
MinimumVisualStudioVersion = 10.0.40219.1
Project("{8BC9CEB8-8B4A-11D0-8D11-00A0C91BC942}") = "ch02_2.4.3_最大子序列和算法2", "ch02_2.4.3_最大子序列和算法2\ch02_2.4.3_最大子序列和算法2.vcxproj", "{40E14A6A-63B9-43A1-B00E-110B357211E0}"
EndProject
Global
	GlobalSection(SolutionConfigurationPlatforms) = preSolution
		Debug|x64 = Debug|x64
		Debug|x86 = Debug|x86
		Release|x64 = Release|x64
		Release|x86 = Release|x86
	EndGlobalSection
	GlobalSection(ProjectConfigurationPlatforms) = postSolution
		{40E14A6A-63B9-43A1-B00E-110B357211E0}.Debug|x64.ActiveCfg = Debug|x64
		{40E14A6A-63B9-43A1-B00E-110B357211E0}.Debug|x64.Build.0 = Debug|x64
		{40E14A6A-63B9-43A1-B00E-110B357211E0}.Debug|x86.ActiveCfg = Debug|Win32
		{40E14A6A-63B9-43A1-B00E-110B357211E0}.Debug|x86.Build.0 = Debug|Win32
		{40E14A6A-63B9-43A1-B00E-110B357211E0}.Release|x64.ActiveCfg = Release|x64
		{40E14A6A-63B9-43A1-B00E-110B357211E0}.Release|x64.Build.0 = Release|x64
		{40E14A6A-63B9-43A1-B00E-110B357211E0}.Release|x86.ActiveCfg = Release|Win32
		{40E14A6A-63B9-43A1-B00E-110B357211E0}.Release|x86.Build.0 = Release|Win32
	EndGlobalSection
	GlobalSection(SolutionProperties) = preSolution
		HideSolutionNode = FALSE
	EndGlobalSection
	GlobalSection(ExtensibilityGlobals) = postSolution
		SolutionGuid = {07DE86BF-62B3-4E0C-BE85-AB45E4FE043D}
	EndGlobalSection
EndGlobal
